// !$*UTF8*$!
{
	archiveVersion = 1;
	classes = {
	};
	objectVersion = 50;
	objects = {

/* Begin PBXBuildFile section */
		D2D023F32655D22900D1B7C7 /* TestData.swift in Sources */ = {isa = PBXBuildFile; fileRef = D2D023F22655D22900D1B7C7 /* TestData.swift */; };
		D2D023F62655F2E100D1B7C7 /* Pub+Cluster Tuple.swift in Sources */ = {isa = PBXBuildFile; fileRef = D2D023F42655F2DE00D1B7C7 /* Pub+Cluster Tuple.swift */; };
		D2D023F72655F2E200D1B7C7 /* Pub+Cluster Tuple.swift in Sources */ = {isa = PBXBuildFile; fileRef = D2D023F42655F2DE00D1B7C7 /* Pub+Cluster Tuple.swift */; };
		D2D023F92655F33100D1B7C7 /* Pub+OccupancyChange.swift in Sources */ = {isa = PBXBuildFile; fileRef = D2D023F82655F33100D1B7C7 /* Pub+OccupancyChange.swift */; };
		D2D023FA2655F33100D1B7C7 /* Pub+OccupancyChange.swift in Sources */ = {isa = PBXBuildFile; fileRef = D2D023F82655F33100D1B7C7 /* Pub+OccupancyChange.swift */; };
		D2D023FC2655F36E00D1B7C7 /* Pub+SensorPayload.swift in Sources */ = {isa = PBXBuildFile; fileRef = D2D023FB2655F36D00D1B7C7 /* Pub+SensorPayload.swift */; };
		D2D023FD2655F36E00D1B7C7 /* Pub+SensorPayload.swift in Sources */ = {isa = PBXBuildFile; fileRef = D2D023FB2655F36D00D1B7C7 /* Pub+SensorPayload.swift */; };
		D2D023FE2656C19800D1B7C7 /* TestData.swift in Sources */ = {isa = PBXBuildFile; fileRef = D2D023F22655D22900D1B7C7 /* TestData.swift */; };
		D2D023FF2656C19900D1B7C7 /* TestData.swift in Sources */ = {isa = PBXBuildFile; fileRef = D2D023F22655D22900D1B7C7 /* TestData.swift */; };
		D2D024042656EB1D00D1B7C7 /* Nwise.swift in Sources */ = {isa = PBXBuildFile; fileRef = D2D024032656EB1D00D1B7C7 /* Nwise.swift */; };
		D2D024052656EB1D00D1B7C7 /* Nwise.swift in Sources */ = {isa = PBXBuildFile; fileRef = D2D024032656EB1D00D1B7C7 /* Nwise.swift */; };
		D2D0240726570B2200D1B7C7 /* HAConfig.swift in Sources */ = {isa = PBXBuildFile; fileRef = D2D0240626570B2200D1B7C7 /* HAConfig.swift */; };
		D2D0240826570B2200D1B7C7 /* HAConfig.swift in Sources */ = {isa = PBXBuildFile; fileRef = D2D0240626570B2200D1B7C7 /* HAConfig.swift */; };
		D2E3CC292651BE1A007AC8E3 /* ThermalViewerApp.swift in Sources */ = {isa = PBXBuildFile; fileRef = D2E3CC162651BE18007AC8E3 /* ThermalViewerApp.swift */; };
		D2E3CC2A2651BE1A007AC8E3 /* ThermalViewerApp.swift in Sources */ = {isa = PBXBuildFile; fileRef = D2E3CC162651BE18007AC8E3 /* ThermalViewerApp.swift */; };
		D2E3CC2D2651BE1A007AC8E3 /* Assets.xcassets in Resources */ = {isa = PBXBuildFile; fileRef = D2E3CC182651BE1A007AC8E3 /* Assets.xcassets */; };
		D2E3CC2E2651BE1A007AC8E3 /* Assets.xcassets in Resources */ = {isa = PBXBuildFile; fileRef = D2E3CC182651BE1A007AC8E3 /* Assets.xcassets */; };
		D2E3CC422651BE43007AC8E3 /* ThermalImageView.swift in Sources */ = {isa = PBXBuildFile; fileRef = D2E3CC3A2651BE43007AC8E3 /* ThermalImageView.swift */; };
		D2E3CC432651BE43007AC8E3 /* ThermalImageView.swift in Sources */ = {isa = PBXBuildFile; fileRef = D2E3CC3A2651BE43007AC8E3 /* ThermalImageView.swift */; };
		D2E3CC442651BE43007AC8E3 /* ContentView.swift in Sources */ = {isa = PBXBuildFile; fileRef = D2E3CC3B2651BE43007AC8E3 /* ContentView.swift */; };
		D2E3CC452651BE43007AC8E3 /* ContentView.swift in Sources */ = {isa = PBXBuildFile; fileRef = D2E3CC3B2651BE43007AC8E3 /* ContentView.swift */; };
		D2E3CC462651BE43007AC8E3 /* Sensor.swift in Sources */ = {isa = PBXBuildFile; fileRef = D2E3CC3D2651BE43007AC8E3 /* Sensor.swift */; };
		D2E3CC472651BE43007AC8E3 /* Sensor.swift in Sources */ = {isa = PBXBuildFile; fileRef = D2E3CC3D2651BE43007AC8E3 /* Sensor.swift */; };
		D2E3CC482651BE43007AC8E3 /* Pixel.swift in Sources */ = {isa = PBXBuildFile; fileRef = D2E3CC3E2651BE43007AC8E3 /* Pixel.swift */; };
		D2E3CC492651BE43007AC8E3 /* Pixel.swift in Sources */ = {isa = PBXBuildFile; fileRef = D2E3CC3E2651BE43007AC8E3 /* Pixel.swift */; };
		D2E3CC4A2651BE43007AC8E3 /* Cluster.swift in Sources */ = {isa = PBXBuildFile; fileRef = D2E3CC3F2651BE43007AC8E3 /* Cluster.swift */; };
		D2E3CC4B2651BE43007AC8E3 /* Cluster.swift in Sources */ = {isa = PBXBuildFile; fileRef = D2E3CC3F2651BE43007AC8E3 /* Cluster.swift */; };
		D2E3CC4D2651D8C6007AC8E3 /* MinValueWrapper.swift in Sources */ = {isa = PBXBuildFile; fileRef = D2E3CC4C2651D8C6007AC8E3 /* MinValueWrapper.swift */; };
		D2E3CC4E2651D8C6007AC8E3 /* MinValueWrapper.swift in Sources */ = {isa = PBXBuildFile; fileRef = D2E3CC4C2651D8C6007AC8E3 /* MinValueWrapper.swift */; };
		D2E3CC562651FF03007AC8E3 /* ThermalViewerTests.swift in Sources */ = {isa = PBXBuildFile; fileRef = D2E3CC552651FF03007AC8E3 /* ThermalViewerTests.swift */; };
		D2E3CC5F265331AA007AC8E3 /* SensorManager.swift in Sources */ = {isa = PBXBuildFile; fileRef = D2E3CC5E265331AA007AC8E3 /* SensorManager.swift */; };
		D2E3CC60265331AA007AC8E3 /* SensorManager.swift in Sources */ = {isa = PBXBuildFile; fileRef = D2E3CC5E265331AA007AC8E3 /* SensorManager.swift */; };
		D2E65FC0265401DF008814E0 /* SensorPayload.swift in Sources */ = {isa = PBXBuildFile; fileRef = D2E65FBF265401DF008814E0 /* SensorPayload.swift */; };
		D2E65FC1265401DF008814E0 /* SensorPayload.swift in Sources */ = {isa = PBXBuildFile; fileRef = D2E65FBF265401DF008814E0 /* SensorPayload.swift */; };
		D2E65FC326540229008814E0 /* SensorView.swift in Sources */ = {isa = PBXBuildFile; fileRef = D2E65FC226540229008814E0 /* SensorView.swift */; };
		D2E65FC426540229008814E0 /* SensorView.swift in Sources */ = {isa = PBXBuildFile; fileRef = D2E65FC226540229008814E0 /* SensorView.swift */; };
/* End PBXBuildFile section */

/* Begin PBXContainerItemProxy section */
		D2E3CC582651FF03007AC8E3 /* PBXContainerItemProxy */ = {
			isa = PBXContainerItemProxy;
			containerPortal = D2E3CC112651BE18007AC8E3 /* Project object */;
			proxyType = 1;
			remoteGlobalIDString = D2E3CC242651BE1A007AC8E3;
			remoteInfo = "ThermalViewer (macOS)";
		};
/* End PBXContainerItemProxy section */

/* Begin PBXFileReference section */
		D2D023F22655D22900D1B7C7 /* TestData.swift */ = {isa = PBXFileReference; lastKnownFileType = sourcecode.swift; path = TestData.swift; sourceTree = "<group>"; };
		D2D023F42655F2DE00D1B7C7 /* Pub+Cluster Tuple.swift */ = {isa = PBXFileReference; lastKnownFileType = sourcecode.swift; path = "Pub+Cluster Tuple.swift"; sourceTree = "<group>"; };
		D2D023F82655F33100D1B7C7 /* Pub+OccupancyChange.swift */ = {isa = PBXFileReference; lastKnownFileType = sourcecode.swift; path = "Pub+OccupancyChange.swift"; sourceTree = "<group>"; };
		D2D023FB2655F36D00D1B7C7 /* Pub+SensorPayload.swift */ = {isa = PBXFileReference; lastKnownFileType = sourcecode.swift; path = "Pub+SensorPayload.swift"; sourceTree = "<group>"; };
		D2D024032656EB1D00D1B7C7 /* Nwise.swift */ = {isa = PBXFileReference; lastKnownFileType = sourcecode.swift; path = Nwise.swift; sourceTree = "<group>"; };
		D2D0240626570B2200D1B7C7 /* HAConfig.swift */ = {isa = PBXFileReference; lastKnownFileType = sourcecode.swift; path = HAConfig.swift; sourceTree = "<group>"; };
		D2E3CC162651BE18007AC8E3 /* ThermalViewerApp.swift */ = {isa = PBXFileReference; lastKnownFileType = sourcecode.swift; path = ThermalViewerApp.swift; sourceTree = "<group>"; };
		D2E3CC182651BE1A007AC8E3 /* Assets.xcassets */ = {isa = PBXFileReference; lastKnownFileType = folder.assetcatalog; path = Assets.xcassets; sourceTree = "<group>"; };
		D2E3CC1D2651BE1A007AC8E3 /* ThermalViewer.app */ = {isa = PBXFileReference; explicitFileType = wrapper.application; includeInIndex = 0; path = ThermalViewer.app; sourceTree = BUILT_PRODUCTS_DIR; };
		D2E3CC202651BE1A007AC8E3 /* Info.plist */ = {isa = PBXFileReference; lastKnownFileType = text.plist.xml; path = Info.plist; sourceTree = "<group>"; };
		D2E3CC252651BE1A007AC8E3 /* ThermalViewer.app */ = {isa = PBXFileReference; explicitFileType = wrapper.application; includeInIndex = 0; path = ThermalViewer.app; sourceTree = BUILT_PRODUCTS_DIR; };
		D2E3CC272651BE1A007AC8E3 /* Info.plist */ = {isa = PBXFileReference; lastKnownFileType = text.plist.xml; path = Info.plist; sourceTree = "<group>"; };
		D2E3CC282651BE1A007AC8E3 /* macOS.entitlements */ = {isa = PBXFileReference; lastKnownFileType = text.plist.entitlements; path = macOS.entitlements; sourceTree = "<group>"; };
		D2E3CC372651BE21007AC8E3 /* ThermalViewer.entitlements */ = {isa = PBXFileReference; lastKnownFileType = text.plist.entitlements; path = ThermalViewer.entitlements; sourceTree = "<group>"; };
		D2E3CC3A2651BE43007AC8E3 /* ThermalImageView.swift */ = {isa = PBXFileReference; fileEncoding = 4; lastKnownFileType = sourcecode.swift; path = ThermalImageView.swift; sourceTree = "<group>"; };
		D2E3CC3B2651BE43007AC8E3 /* ContentView.swift */ = {isa = PBXFileReference; fileEncoding = 4; lastKnownFileType = sourcecode.swift; path = ContentView.swift; sourceTree = "<group>"; };
		D2E3CC3D2651BE43007AC8E3 /* Sensor.swift */ = {isa = PBXFileReference; fileEncoding = 4; lastKnownFileType = sourcecode.swift; path = Sensor.swift; sourceTree = "<group>"; };
		D2E3CC3E2651BE43007AC8E3 /* Pixel.swift */ = {isa = PBXFileReference; fileEncoding = 4; lastKnownFileType = sourcecode.swift; path = Pixel.swift; sourceTree = "<group>"; };
		D2E3CC3F2651BE43007AC8E3 /* Cluster.swift */ = {isa = PBXFileReference; fileEncoding = 4; lastKnownFileType = sourcecode.swift; path = Cluster.swift; sourceTree = "<group>"; };
		D2E3CC4C2651D8C6007AC8E3 /* MinValueWrapper.swift */ = {isa = PBXFileReference; lastKnownFileType = sourcecode.swift; path = MinValueWrapper.swift; sourceTree = "<group>"; };
		D2E3CC532651FF03007AC8E3 /* ThermalViewerTests.xctest */ = {isa = PBXFileReference; explicitFileType = wrapper.cfbundle; includeInIndex = 0; path = ThermalViewerTests.xctest; sourceTree = BUILT_PRODUCTS_DIR; };
		D2E3CC552651FF03007AC8E3 /* ThermalViewerTests.swift */ = {isa = PBXFileReference; lastKnownFileType = sourcecode.swift; path = ThermalViewerTests.swift; sourceTree = "<group>"; };
		D2E3CC572651FF03007AC8E3 /* Info.plist */ = {isa = PBXFileReference; lastKnownFileType = text.plist.xml; path = Info.plist; sourceTree = "<group>"; };
		D2E3CC5E265331AA007AC8E3 /* SensorManager.swift */ = {isa = PBXFileReference; lastKnownFileType = sourcecode.swift; path = SensorManager.swift; sourceTree = "<group>"; };
		D2E65FBF265401DF008814E0 /* SensorPayload.swift */ = {isa = PBXFileReference; lastKnownFileType = sourcecode.swift; path = SensorPayload.swift; sourceTree = "<group>"; };
		D2E65FC226540229008814E0 /* SensorView.swift */ = {isa = PBXFileReference; lastKnownFileType = sourcecode.swift; path = SensorView.swift; sourceTree = "<group>"; };
/* End PBXFileReference section */

/* Begin PBXFrameworksBuildPhase section */
		D2E3CC1A2651BE1A007AC8E3 /* Frameworks */ = {
			isa = PBXFrameworksBuildPhase;
			buildActionMask = 2147483647;
			files = (
			);
			runOnlyForDeploymentPostprocessing = 0;
		};
		D2E3CC222651BE1A007AC8E3 /* Frameworks */ = {
			isa = PBXFrameworksBuildPhase;
			buildActionMask = 2147483647;
			files = (
			);
			runOnlyForDeploymentPostprocessing = 0;
		};
		D2E3CC502651FF03007AC8E3 /* Frameworks */ = {
			isa = PBXFrameworksBuildPhase;
			buildActionMask = 2147483647;
			files = (
			);
			runOnlyForDeploymentPostprocessing = 0;
		};
/* End PBXFrameworksBuildPhase section */

/* Begin PBXGroup section */
		D2C44C6E265425250045D1B9 /* Frameworks */ = {
			isa = PBXGroup;
			children = (
			);
			name = Frameworks;
			sourceTree = "<group>";
		};
		D2E3CC102651BE18007AC8E3 = {
			isa = PBXGroup;
			children = (
				D2E3CC372651BE21007AC8E3 /* ThermalViewer.entitlements */,
				D2E3CC152651BE18007AC8E3 /* Shared */,
				D2E3CC1F2651BE1A007AC8E3 /* iOS */,
				D2E3CC262651BE1A007AC8E3 /* macOS */,
				D2E3CC542651FF03007AC8E3 /* ThermalViewerTests */,
				D2E3CC1E2651BE1A007AC8E3 /* Products */,
				D2C44C6E265425250045D1B9 /* Frameworks */,
			);
			sourceTree = "<group>";
		};
		D2E3CC152651BE18007AC8E3 /* Shared */ = {
			isa = PBXGroup;
			children = (
				D2E3CC162651BE18007AC8E3 /* ThermalViewerApp.swift */,
				D2E3CC5D2652DAEF007AC8E3 /* Extensions */,
				D2E3CC3C2651BE43007AC8E3 /* Model */,
				D2E3CC382651BE43007AC8E3 /* Views */,
				D2E3CC182651BE1A007AC8E3 /* Assets.xcassets */,
			);
			path = Shared;
			sourceTree = "<group>";
		};
		D2E3CC1E2651BE1A007AC8E3 /* Products */ = {
			isa = PBXGroup;
			children = (
				D2E3CC1D2651BE1A007AC8E3 /* ThermalViewer.app */,
				D2E3CC252651BE1A007AC8E3 /* ThermalViewer.app */,
				D2E3CC532651FF03007AC8E3 /* ThermalViewerTests.xctest */,
			);
			name = Products;
			sourceTree = "<group>";
		};
		D2E3CC1F2651BE1A007AC8E3 /* iOS */ = {
			isa = PBXGroup;
			children = (
				D2E3CC202651BE1A007AC8E3 /* Info.plist */,
			);
			path = iOS;
			sourceTree = "<group>";
		};
		D2E3CC262651BE1A007AC8E3 /* macOS */ = {
			isa = PBXGroup;
			children = (
				D2E3CC272651BE1A007AC8E3 /* Info.plist */,
				D2E3CC282651BE1A007AC8E3 /* macOS.entitlements */,
			);
			path = macOS;
			sourceTree = "<group>";
		};
		D2E3CC382651BE43007AC8E3 /* Views */ = {
			isa = PBXGroup;
			children = (
				D2E3CC3A2651BE43007AC8E3 /* ThermalImageView.swift */,
				D2E3CC3B2651BE43007AC8E3 /* ContentView.swift */,
				D2E65FC226540229008814E0 /* SensorView.swift */,
			);
			path = Views;
			sourceTree = "<group>";
		};
		D2E3CC3C2651BE43007AC8E3 /* Model */ = {
			isa = PBXGroup;
			children = (
				D2E3CC3D2651BE43007AC8E3 /* Sensor.swift */,
				D2E65FBF265401DF008814E0 /* SensorPayload.swift */,
				D2E3CC5E265331AA007AC8E3 /* SensorManager.swift */,
				D2D0240626570B2200D1B7C7 /* HAConfig.swift */,
				D2E3CC4C2651D8C6007AC8E3 /* MinValueWrapper.swift */,
				D2E3CC3E2651BE43007AC8E3 /* Pixel.swift */,
				D2E3CC3F2651BE43007AC8E3 /* Cluster.swift */,
			);
			path = Model;
			sourceTree = "<group>";
		};
		D2E3CC542651FF03007AC8E3 /* ThermalViewerTests */ = {
			isa = PBXGroup;
			children = (
				D2E3CC552651FF03007AC8E3 /* ThermalViewerTests.swift */,
				D2D023F22655D22900D1B7C7 /* TestData.swift */,
				D2E3CC572651FF03007AC8E3 /* Info.plist */,
			);
			path = ThermalViewerTests;
			sourceTree = "<group>";
		};
		D2E3CC5D2652DAEF007AC8E3 /* Extensions */ = {
			isa = PBXGroup;
			children = (
				D2D023F42655F2DE00D1B7C7 /* Pub+Cluster Tuple.swift */,
				D2D023F82655F33100D1B7C7 /* Pub+OccupancyChange.swift */,
				D2D023FB2655F36D00D1B7C7 /* Pub+SensorPayload.swift */,
				D2D024032656EB1D00D1B7C7 /* Nwise.swift */,
			);
			path = Extensions;
			sourceTree = "<group>";
		};
/* End PBXGroup section */

/* Begin PBXNativeTarget section */
		D2E3CC1C2651BE1A007AC8E3 /* ThermalViewer (iOS) */ = {
			isa = PBXNativeTarget;
			buildConfigurationList = D2E3CC312651BE1A007AC8E3 /* Build configuration list for PBXNativeTarget "ThermalViewer (iOS)" */;
			buildPhases = (
				D2E3CC192651BE1A007AC8E3 /* Sources */,
				D2E3CC1A2651BE1A007AC8E3 /* Frameworks */,
				D2E3CC1B2651BE1A007AC8E3 /* Resources */,
			);
			buildRules = (
			);
			dependencies = (
			);
			name = "ThermalViewer (iOS)";
			packageProductDependencies = (
			);
			productName = "ThermalViewer (iOS)";
			productReference = D2E3CC1D2651BE1A007AC8E3 /* ThermalViewer.app */;
			productType = "com.apple.product-type.application";
		};
		D2E3CC242651BE1A007AC8E3 /* ThermalViewer (macOS) */ = {
			isa = PBXNativeTarget;
			buildConfigurationList = D2E3CC342651BE1A007AC8E3 /* Build configuration list for PBXNativeTarget "ThermalViewer (macOS)" */;
			buildPhases = (
				D2E3CC212651BE1A007AC8E3 /* Sources */,
				D2E3CC222651BE1A007AC8E3 /* Frameworks */,
				D2E3CC232651BE1A007AC8E3 /* Resources */,
			);
			buildRules = (
			);
			dependencies = (
			);
			name = "ThermalViewer (macOS)";
			packageProductDependencies = (
			);
			productName = "ThermalViewer (macOS)";
			productReference = D2E3CC252651BE1A007AC8E3 /* ThermalViewer.app */;
			productType = "com.apple.product-type.application";
		};
		D2E3CC522651FF03007AC8E3 /* ThermalViewerTests */ = {
			isa = PBXNativeTarget;
			buildConfigurationList = D2E3CC5A2651FF03007AC8E3 /* Build configuration list for PBXNativeTarget "ThermalViewerTests" */;
			buildPhases = (
				D2E3CC4F2651FF03007AC8E3 /* Sources */,
				D2E3CC502651FF03007AC8E3 /* Frameworks */,
				D2E3CC512651FF03007AC8E3 /* Resources */,
			);
			buildRules = (
			);
			dependencies = (
				D2E3CC592651FF03007AC8E3 /* PBXTargetDependency */,
			);
			name = ThermalViewerTests;
			productName = ThermalViewerTests;
			productReference = D2E3CC532651FF03007AC8E3 /* ThermalViewerTests.xctest */;
			productType = "com.apple.product-type.bundle.unit-test";
		};
/* End PBXNativeTarget section */

/* Begin PBXProject section */
		D2E3CC112651BE18007AC8E3 /* Project object */ = {
			isa = PBXProject;
			attributes = {
				LastSwiftUpdateCheck = 1250;
				LastUpgradeCheck = 1250;
				TargetAttributes = {
					D2E3CC1C2651BE1A007AC8E3 = {
						CreatedOnToolsVersion = 12.5;
					};
					D2E3CC242651BE1A007AC8E3 = {
						CreatedOnToolsVersion = 12.5;
					};
					D2E3CC522651FF03007AC8E3 = {
						CreatedOnToolsVersion = 12.5;
						TestTargetID = D2E3CC242651BE1A007AC8E3;
					};
				};
			};
			buildConfigurationList = D2E3CC142651BE18007AC8E3 /* Build configuration list for PBXProject "ThermalViewer" */;
			compatibilityVersion = "Xcode 9.3";
			developmentRegion = en;
			hasScannedForEncodings = 0;
			knownRegions = (
				en,
				Base,
			);
			mainGroup = D2E3CC102651BE18007AC8E3;
			packageReferences = (
			);
			productRefGroup = D2E3CC1E2651BE1A007AC8E3 /* Products */;
			projectDirPath = "";
			projectRoot = "";
			targets = (
				D2E3CC1C2651BE1A007AC8E3 /* ThermalViewer (iOS) */,
				D2E3CC242651BE1A007AC8E3 /* ThermalViewer (macOS) */,
				D2E3CC522651FF03007AC8E3 /* ThermalViewerTests */,
			);
		};
/* End PBXProject section */

/* Begin PBXResourcesBuildPhase section */
		D2E3CC1B2651BE1A007AC8E3 /* Resources */ = {
			isa = PBXResourcesBuildPhase;
			buildActionMask = 2147483647;
			files = (
				D2E3CC2D2651BE1A007AC8E3 /* Assets.xcassets in Resources */,
			);
			runOnlyForDeploymentPostprocessing = 0;
		};
		D2E3CC232651BE1A007AC8E3 /* Resources */ = {
			isa = PBXResourcesBuildPhase;
			buildActionMask = 2147483647;
			files = (
				D2E3CC2E2651BE1A007AC8E3 /* Assets.xcassets in Resources */,
			);
			runOnlyForDeploymentPostprocessing = 0;
		};
		D2E3CC512651FF03007AC8E3 /* Resources */ = {
			isa = PBXResourcesBuildPhase;
			buildActionMask = 2147483647;
			files = (
			);
			runOnlyForDeploymentPostprocessing = 0;
		};
/* End PBXResourcesBuildPhase section */

/* Begin PBXSourcesBuildPhase section */
		D2E3CC192651BE1A007AC8E3 /* Sources */ = {
			isa = PBXSourcesBuildPhase;
			buildActionMask = 2147483647;
			files = (
				D2E3CC482651BE43007AC8E3 /* Pixel.swift in Sources */,
				D2D023F92655F33100D1B7C7 /* Pub+OccupancyChange.swift in Sources */,
				D2E3CC422651BE43007AC8E3 /* ThermalImageView.swift in Sources */,
				D2E3CC4A2651BE43007AC8E3 /* Cluster.swift in Sources */,
				D2E3CC5F265331AA007AC8E3 /* SensorManager.swift in Sources */,
				D2D023FE2656C19800D1B7C7 /* TestData.swift in Sources */,
				D2E65FC326540229008814E0 /* SensorView.swift in Sources */,
				D2E65FC0265401DF008814E0 /* SensorPayload.swift in Sources */,
				D2D0240726570B2200D1B7C7 /* HAConfig.swift in Sources */,
				D2D023FC2655F36E00D1B7C7 /* Pub+SensorPayload.swift in Sources */,
				D2D024042656EB1D00D1B7C7 /* Nwise.swift in Sources */,
				D2E3CC462651BE43007AC8E3 /* Sensor.swift in Sources */,
				D2E3CC442651BE43007AC8E3 /* ContentView.swift in Sources */,
				D2E3CC292651BE1A007AC8E3 /* ThermalViewerApp.swift in Sources */,
				D2D023F72655F2E200D1B7C7 /* Pub+Cluster Tuple.swift in Sources */,
				D2E3CC4D2651D8C6007AC8E3 /* MinValueWrapper.swift in Sources */,
			);
			runOnlyForDeploymentPostprocessing = 0;
		};
		D2E3CC212651BE1A007AC8E3 /* Sources */ = {
			isa = PBXSourcesBuildPhase;
			buildActionMask = 2147483647;
			files = (
				D2E3CC492651BE43007AC8E3 /* Pixel.swift in Sources */,
				D2D023FA2655F33100D1B7C7 /* Pub+OccupancyChange.swift in Sources */,
				D2E3CC432651BE43007AC8E3 /* ThermalImageView.swift in Sources */,
				D2E3CC4B2651BE43007AC8E3 /* Cluster.swift in Sources */,
				D2E3CC60265331AA007AC8E3 /* SensorManager.swift in Sources */,
				D2D023FF2656C19900D1B7C7 /* TestData.swift in Sources */,
				D2E65FC426540229008814E0 /* SensorView.swift in Sources */,
				D2E65FC1265401DF008814E0 /* SensorPayload.swift in Sources */,
				D2D0240826570B2200D1B7C7 /* HAConfig.swift in Sources */,
				D2D023FD2655F36E00D1B7C7 /* Pub+SensorPayload.swift in Sources */,
				D2D024052656EB1D00D1B7C7 /* Nwise.swift in Sources */,
				D2E3CC472651BE43007AC8E3 /* Sensor.swift in Sources */,
				D2E3CC452651BE43007AC8E3 /* ContentView.swift in Sources */,
				D2E3CC2A2651BE1A007AC8E3 /* ThermalViewerApp.swift in Sources */,
				D2D023F62655F2E100D1B7C7 /* Pub+Cluster Tuple.swift in Sources */,
				D2E3CC4E2651D8C6007AC8E3 /* MinValueWrapper.swift in Sources */,
			);
			runOnlyForDeploymentPostprocessing = 0;
		};
		D2E3CC4F2651FF03007AC8E3 /* Sources */ = {
			isa = PBXSourcesBuildPhase;
			buildActionMask = 2147483647;
			files = (
				D2E3CC562651FF03007AC8E3 /* ThermalViewerTests.swift in Sources */,
				D2D023F32655D22900D1B7C7 /* TestData.swift in Sources */,
			);
			runOnlyForDeploymentPostprocessing = 0;
		};
/* End PBXSourcesBuildPhase section */

/* Begin PBXTargetDependency section */
		D2E3CC592651FF03007AC8E3 /* PBXTargetDependency */ = {
			isa = PBXTargetDependency;
			target = D2E3CC242651BE1A007AC8E3 /* ThermalViewer (macOS) */;
			targetProxy = D2E3CC582651FF03007AC8E3 /* PBXContainerItemProxy */;
		};
/* End PBXTargetDependency section */

/* Begin XCBuildConfiguration section */
		D2E3CC2F2651BE1A007AC8E3 /* Debug */ = {
			isa = XCBuildConfiguration;
			buildSettings = {
				ALWAYS_SEARCH_USER_PATHS = NO;
				CLANG_ANALYZER_NONNULL = YES;
				CLANG_ANALYZER_NUMBER_OBJECT_CONVERSION = YES_AGGRESSIVE;
				CLANG_CXX_LANGUAGE_STANDARD = "gnu++14";
				CLANG_CXX_LIBRARY = "libc++";
				CLANG_ENABLE_MODULES = YES;
				CLANG_ENABLE_OBJC_ARC = YES;
				CLANG_ENABLE_OBJC_WEAK = YES;
				CLANG_WARN_BLOCK_CAPTURE_AUTORELEASING = YES;
				CLANG_WARN_BOOL_CONVERSION = YES;
				CLANG_WARN_COMMA = YES;
				CLANG_WARN_CONSTANT_CONVERSION = YES;
				CLANG_WARN_DEPRECATED_OBJC_IMPLEMENTATIONS = YES;
				CLANG_WARN_DIRECT_OBJC_ISA_USAGE = YES_ERROR;
				CLANG_WARN_DOCUMENTATION_COMMENTS = YES;
				CLANG_WARN_EMPTY_BODY = YES;
				CLANG_WARN_ENUM_CONVERSION = YES;
				CLANG_WARN_INFINITE_RECURSION = YES;
				CLANG_WARN_INT_CONVERSION = YES;
				CLANG_WARN_NON_LITERAL_NULL_CONVERSION = YES;
				CLANG_WARN_OBJC_IMPLICIT_RETAIN_SELF = YES;
				CLANG_WARN_OBJC_LITERAL_CONVERSION = YES;
				CLANG_WARN_OBJC_ROOT_CLASS = YES_ERROR;
				CLANG_WARN_QUOTED_INCLUDE_IN_FRAMEWORK_HEADER = YES;
				CLANG_WARN_RANGE_LOOP_ANALYSIS = YES;
				CLANG_WARN_STRICT_PROTOTYPES = YES;
				CLANG_WARN_SUSPICIOUS_MOVE = YES;
				CLANG_WARN_UNGUARDED_AVAILABILITY = YES_AGGRESSIVE;
				CLANG_WARN_UNREACHABLE_CODE = YES;
				CLANG_WARN__DUPLICATE_METHOD_MATCH = YES;
				COPY_PHASE_STRIP = NO;
				DEBUG_INFORMATION_FORMAT = dwarf;
				ENABLE_STRICT_OBJC_MSGSEND = YES;
				ENABLE_TESTABILITY = YES;
				GCC_C_LANGUAGE_STANDARD = gnu11;
				GCC_DYNAMIC_NO_PIC = NO;
				GCC_NO_COMMON_BLOCKS = YES;
				GCC_OPTIMIZATION_LEVEL = 0;
				GCC_PREPROCESSOR_DEFINITIONS = (
					"DEBUG=1",
					"$(inherited)",
				);
				GCC_WARN_64_TO_32_BIT_CONVERSION = YES;
				GCC_WARN_ABOUT_RETURN_TYPE = YES_ERROR;
				GCC_WARN_UNDECLARED_SELECTOR = YES;
				GCC_WARN_UNINITIALIZED_AUTOS = YES_AGGRESSIVE;
				GCC_WARN_UNUSED_FUNCTION = YES;
				GCC_WARN_UNUSED_VARIABLE = YES;
				MTL_ENABLE_DEBUG_INFO = INCLUDE_SOURCE;
				MTL_FAST_MATH = YES;
				ONLY_ACTIVE_ARCH = YES;
				SWIFT_ACTIVE_COMPILATION_CONDITIONS = DEBUG;
				SWIFT_OPTIMIZATION_LEVEL = "-Onone";
			};
			name = Debug;
		};
		D2E3CC302651BE1A007AC8E3 /* Release */ = {
			isa = XCBuildConfiguration;
			buildSettings = {
				ALWAYS_SEARCH_USER_PATHS = NO;
				CLANG_ANALYZER_NONNULL = YES;
				CLANG_ANALYZER_NUMBER_OBJECT_CONVERSION = YES_AGGRESSIVE;
				CLANG_CXX_LANGUAGE_STANDARD = "gnu++14";
				CLANG_CXX_LIBRARY = "libc++";
				CLANG_ENABLE_MODULES = YES;
				CLANG_ENABLE_OBJC_ARC = YES;
				CLANG_ENABLE_OBJC_WEAK = YES;
				CLANG_WARN_BLOCK_CAPTURE_AUTORELEASING = YES;
				CLANG_WARN_BOOL_CONVERSION = YES;
				CLANG_WARN_COMMA = YES;
				CLANG_WARN_CONSTANT_CONVERSION = YES;
				CLANG_WARN_DEPRECATED_OBJC_IMPLEMENTATIONS = YES;
				CLANG_WARN_DIRECT_OBJC_ISA_USAGE = YES_ERROR;
				CLANG_WARN_DOCUMENTATION_COMMENTS = YES;
				CLANG_WARN_EMPTY_BODY = YES;
				CLANG_WARN_ENUM_CONVERSION = YES;
				CLANG_WARN_INFINITE_RECURSION = YES;
				CLANG_WARN_INT_CONVERSION = YES;
				CLANG_WARN_NON_LITERAL_NULL_CONVERSION = YES;
				CLANG_WARN_OBJC_IMPLICIT_RETAIN_SELF = YES;
				CLANG_WARN_OBJC_LITERAL_CONVERSION = YES;
				CLANG_WARN_OBJC_ROOT_CLASS = YES_ERROR;
				CLANG_WARN_QUOTED_INCLUDE_IN_FRAMEWORK_HEADER = YES;
				CLANG_WARN_RANGE_LOOP_ANALYSIS = YES;
				CLANG_WARN_STRICT_PROTOTYPES = YES;
				CLANG_WARN_SUSPICIOUS_MOVE = YES;
				CLANG_WARN_UNGUARDED_AVAILABILITY = YES_AGGRESSIVE;
				CLANG_WARN_UNREACHABLE_CODE = YES;
				CLANG_WARN__DUPLICATE_METHOD_MATCH = YES;
				COPY_PHASE_STRIP = NO;
				DEBUG_INFORMATION_FORMAT = "dwarf-with-dsym";
				ENABLE_NS_ASSERTIONS = NO;
				ENABLE_STRICT_OBJC_MSGSEND = YES;
				GCC_C_LANGUAGE_STANDARD = gnu11;
				GCC_NO_COMMON_BLOCKS = YES;
				GCC_WARN_64_TO_32_BIT_CONVERSION = YES;
				GCC_WARN_ABOUT_RETURN_TYPE = YES_ERROR;
				GCC_WARN_UNDECLARED_SELECTOR = YES;
				GCC_WARN_UNINITIALIZED_AUTOS = YES_AGGRESSIVE;
				GCC_WARN_UNUSED_FUNCTION = YES;
				GCC_WARN_UNUSED_VARIABLE = YES;
				MTL_ENABLE_DEBUG_INFO = NO;
				MTL_FAST_MATH = YES;
				SWIFT_COMPILATION_MODE = wholemodule;
				SWIFT_OPTIMIZATION_LEVEL = "-O";
			};
			name = Release;
		};
		D2E3CC322651BE1A007AC8E3 /* Debug */ = {
			isa = XCBuildConfiguration;
			buildSettings = {
				ASSETCATALOG_COMPILER_APPICON_NAME = AppIcon;
				ASSETCATALOG_COMPILER_GLOBAL_ACCENT_COLOR_NAME = AccentColor;
				CODE_SIGN_ENTITLEMENTS = ThermalViewer.entitlements;
				CODE_SIGN_STYLE = Automatic;
				DEVELOPMENT_TEAM = A76BV63T8L;
				ENABLE_PREVIEWS = YES;
				INFOPLIST_FILE = iOS/Info.plist;
				IPHONEOS_DEPLOYMENT_TARGET = 14.0;
				LD_RUNPATH_SEARCH_PATHS = (
					"$(inherited)",
					"@executable_path/Frameworks",
				);
				PRODUCT_BUNDLE_IDENTIFIER = photo.lostcause.ThermalViewer;
				PRODUCT_NAME = ThermalViewer;
				SDKROOT = iphoneos;
				SUPPORTS_MACCATALYST = YES;
				SWIFT_VERSION = 5.0;
				TARGETED_DEVICE_FAMILY = "1,2";
			};
			name = Debug;
		};
		D2E3CC332651BE1A007AC8E3 /* Release */ = {
			isa = XCBuildConfiguration;
			buildSettings = {
				ASSETCATALOG_COMPILER_APPICON_NAME = AppIcon;
				ASSETCATALOG_COMPILER_GLOBAL_ACCENT_COLOR_NAME = AccentColor;
				CODE_SIGN_ENTITLEMENTS = ThermalViewer.entitlements;
				CODE_SIGN_STYLE = Automatic;
				DEVELOPMENT_TEAM = A76BV63T8L;
				ENABLE_PREVIEWS = YES;
				INFOPLIST_FILE = iOS/Info.plist;
				IPHONEOS_DEPLOYMENT_TARGET = 14.0;
				LD_RUNPATH_SEARCH_PATHS = (
					"$(inherited)",
					"@executable_path/Frameworks",
				);
				PRODUCT_BUNDLE_IDENTIFIER = photo.lostcause.ThermalViewer;
				PRODUCT_NAME = ThermalViewer;
				SDKROOT = iphoneos;
				SUPPORTS_MACCATALYST = YES;
				SWIFT_VERSION = 5.0;
				TARGETED_DEVICE_FAMILY = "1,2";
				VALIDATE_PRODUCT = YES;
			};
			name = Release;
		};
		D2E3CC352651BE1A007AC8E3 /* Debug */ = {
			isa = XCBuildConfiguration;
			buildSettings = {
				ASSETCATALOG_COMPILER_APPICON_NAME = AppIcon;
				ASSETCATALOG_COMPILER_GLOBAL_ACCENT_COLOR_NAME = AccentColor;
				CODE_SIGN_ENTITLEMENTS = macOS/macOS.entitlements;
				CODE_SIGN_STYLE = Automatic;
				COMBINE_HIDPI_IMAGES = YES;
				DEVELOPMENT_TEAM = A76BV63T8L;
				ENABLE_HARDENED_RUNTIME = YES;
				ENABLE_PREVIEWS = YES;
				INFOPLIST_FILE = macOS/Info.plist;
				LD_RUNPATH_SEARCH_PATHS = (
					"$(inherited)",
					"@executable_path/../Frameworks",
				);
				MACOSX_DEPLOYMENT_TARGET = 11.0;
				PRODUCT_BUNDLE_IDENTIFIER = photo.lostcause.ThermalViewer;
				PRODUCT_NAME = ThermalViewer;
				SDKROOT = macosx;
				SWIFT_VERSION = 5.0;
			};
			name = Debug;
		};
		D2E3CC362651BE1A007AC8E3 /* Release */ = {
			isa = XCBuildConfiguration;
			buildSettings = {
				ASSETCATALOG_COMPILER_APPICON_NAME = AppIcon;
				ASSETCATALOG_COMPILER_GLOBAL_ACCENT_COLOR_NAME = AccentColor;
				CODE_SIGN_ENTITLEMENTS = macOS/macOS.entitlements;
				CODE_SIGN_STYLE = Automatic;
				COMBINE_HIDPI_IMAGES = YES;
				DEVELOPMENT_TEAM = A76BV63T8L;
				ENABLE_HARDENED_RUNTIME = YES;
				ENABLE_PREVIEWS = YES;
				INFOPLIST_FILE = macOS/Info.plist;
				LD_RUNPATH_SEARCH_PATHS = (
					"$(inherited)",
					"@executable_path/../Frameworks",
				);
				MACOSX_DEPLOYMENT_TARGET = 11.0;
				PRODUCT_BUNDLE_IDENTIFIER = photo.lostcause.ThermalViewer;
				PRODUCT_NAME = ThermalViewer;
				SDKROOT = macosx;
				SWIFT_VERSION = 5.0;
			};
			name = Release;
		};
		D2E3CC5B2651FF03007AC8E3 /* Debug */ = {
			isa = XCBuildConfiguration;
			buildSettings = {
				BUNDLE_LOADER = "$(TEST_HOST)";
				CODE_SIGN_STYLE = Automatic;
				COMBINE_HIDPI_IMAGES = YES;
				DEVELOPMENT_TEAM = A76BV63T8L;
				INFOPLIST_FILE = ThermalViewerTests/Info.plist;
				LD_RUNPATH_SEARCH_PATHS = (
					"$(inherited)",
					"@executable_path/../Frameworks",
					"@loader_path/../Frameworks",
				);
				MACOSX_DEPLOYMENT_TARGET = 11.2;
				PRODUCT_BUNDLE_IDENTIFIER = photo.lostcause.ThermalViewerTests;
				PRODUCT_NAME = "$(TARGET_NAME)";
				SDKROOT = macosx;
				SWIFT_VERSION = 5.0;
				TEST_HOST = "$(BUILT_PRODUCTS_DIR)/ThermalViewer.app/Contents/MacOS/ThermalViewer";
			};
			name = Debug;
		};
		D2E3CC5C2651FF03007AC8E3 /* Release */ = {
			isa = XCBuildConfiguration;
			buildSettings = {
				BUNDLE_LOADER = "$(TEST_HOST)";
				CODE_SIGN_STYLE = Automatic;
				COMBINE_HIDPI_IMAGES = YES;
				DEVELOPMENT_TEAM = A76BV63T8L;
				INFOPLIST_FILE = ThermalViewerTests/Info.plist;
				LD_RUNPATH_SEARCH_PATHS = (
					"$(inherited)",
					"@executable_path/../Frameworks",
					"@loader_path/../Frameworks",
				);
				MACOSX_DEPLOYMENT_TARGET = 11.2;
				PRODUCT_BUNDLE_IDENTIFIER = photo.lostcause.ThermalViewerTests;
				PRODUCT_NAME = "$(TARGET_NAME)";
				SDKROOT = macosx;
				SWIFT_VERSION = 5.0;
				TEST_HOST = "$(BUILT_PRODUCTS_DIR)/ThermalViewer.app/Contents/MacOS/ThermalViewer";
			};
			name = Release;
		};
/* End XCBuildConfiguration section */

/* Begin XCConfigurationList section */
		D2E3CC142651BE18007AC8E3 /* Build configuration list for PBXProject "ThermalViewer" */ = {
			isa = XCConfigurationList;
			buildConfigurations = (
				D2E3CC2F2651BE1A007AC8E3 /* Debug */,
				D2E3CC302651BE1A007AC8E3 /* Release */,
			);
			defaultConfigurationIsVisible = 0;
			defaultConfigurationName = Release;
		};
		D2E3CC312651BE1A007AC8E3 /* Build configuration list for PBXNativeTarget "ThermalViewer (iOS)" */ = {
			isa = XCConfigurationList;
			buildConfigurations = (
				D2E3CC322651BE1A007AC8E3 /* Debug */,
				D2E3CC332651BE1A007AC8E3 /* Release */,
			);
			defaultConfigurationIsVisible = 0;
			defaultConfigurationName = Release;
		};
		D2E3CC342651BE1A007AC8E3 /* Build configuration list for PBXNativeTarget "ThermalViewer (macOS)" */ = {
			isa = XCConfigurationList;
			buildConfigurations = (
				D2E3CC352651BE1A007AC8E3 /* Debug */,
				D2E3CC362651BE1A007AC8E3 /* Release */,
			);
			defaultConfigurationIsVisible = 0;
			defaultConfigurationName = Release;
		};
		D2E3CC5A2651FF03007AC8E3 /* Build configuration list for PBXNativeTarget "ThermalViewerTests" */ = {
			isa = XCConfigurationList;
			buildConfigurations = (
				D2E3CC5B2651FF03007AC8E3 /* Debug */,
				D2E3CC5C2651FF03007AC8E3 /* Release */,
			);
			defaultConfigurationIsVisible = 0;
			defaultConfigurationName = Release;
		};
/* End XCConfigurationList section */
	};
	rootObject = D2E3CC112651BE18007AC8E3 /* Project object */;
}
