{
  "object": {
    "pins": [
      {
        "package": "AMG88xx",
        "repositoryURL": "https://github.com/emorydunn/AMG88xx.swift.git",
        "state": {
          "branch": "main",
          "revision": "0f98162eb2e77986e7bfe8c3c36a5e46b4657ebf",
          "version": null
        }
      },
      {
        "package": "OpenCombine",
        "repositoryURL": "https://github.com/OpenCombine/OpenCombine.git",
        "state": {
          "branch": null,
          "revision": "28993ae57de5a4ea7e164787636cafad442d568c",
          "version": "0.12.0"
        }
      },
      {
        "package": "SwiftyGPIO",
        "repositoryURL": "https://github.com/uraimo/SwiftyGPIO.git",
        "state": {
          "branch": null,
          "revision": "b1ec6e1ec0a871466fae88fd8764c9530d8b570b",
          "version": "1.3.5"
        }
      }
    ]
  },
  "version": 1
}
