{
  "object": {
    "pins": [
      {
        "package": "AMG88",
        "repositoryURL": "https://github.com/emorydunn/AMG88xx.swift.git",
        "state": {
          "branch": "main",
          "revision": "3bc37004a857a16f3bba44930c5ecb0570b4140a",
          "version": null
        }
      },
      {
        "package": "Cairo",
        "repositoryURL": "https://github.com/PureSwift/Cairo.git",
        "state": {
          "branch": "master",
          "revision": "b5f867a56a20d2f0064ccb975ae4a669b374e9e0",
          "version": null
        }
      },
      {
        "package": "OpenCombine",
        "repositoryURL": "https://github.com/OpenCombine/OpenCombine.git",
        "state": {
          "branch": null,
          "revision": "28993ae57de5a4ea7e164787636cafad442d568c",
          "version": "0.12.0"
        }
      },
      {
        "package": "Silica",
        "repositoryURL": "https://github.com/PureSwift/Silica.git",
        "state": {
          "branch": "master",
          "revision": "5b8c695af2d5a38c0ea0468aac80a1d5ae5d005f",
          "version": null
        }
      },
      {
        "package": "swift-argument-parser",
        "repositoryURL": "https://github.com/apple/swift-argument-parser.git",
        "state": {
          "branch": null,
          "revision": "e1465042f195f374b94f915ba8ca49de24300a0d",
          "version": "1.0.2"
        }
      },
      {
        "package": "swift-mqtt",
        "repositoryURL": "https://github.com/matsune/swift-mqtt.git",
        "state": {
          "branch": null,
          "revision": "c0a21bc899bfa5b81f6bf5cd01a4b35d7f43ba70",
          "version": "1.0.0"
        }
      },
      {
        "package": "swift-nio",
        "repositoryURL": "https://github.com/apple/swift-nio.git",
        "state": {
          "branch": null,
          "revision": "addf69cfe60376c325397c8926589415576b1dd1",
          "version": "2.34.0"
        }
      },
      {
        "package": "swift-nio-ssl",
        "repositoryURL": "https://github.com/apple/swift-nio-ssl.git",
        "state": {
          "branch": null,
          "revision": "36f6419f2b1b6490a8c0faa840298e28027cefe9",
          "version": "2.16.3"
        }
      },
      {
        "package": "SwiftyGPIO",
        "repositoryURL": "https://github.com/uraimo/SwiftyGPIO.git",
        "state": {
          "branch": null,
          "revision": "dd53fc08bd72b189914ea8b1f3a7f172f765349c",
          "version": "1.3.8"
        }
      }
    ]
  },
  "version": 1
}
